// !$*UTF8*$!
{
	archiveVersion = 1;
	classes = {
	};
	objectVersion = 54;
	objects = {

/* Begin PBXBuildFile section */
		5B44524E1F2275950B7D9293 /* Pods_GeekBlog.framework in Frameworks */ = {isa = PBXBuildFile; fileRef = DED60E1D11A75AE3DE5EE654 /* Pods_GeekBlog.framework */; };
		B632613B27944460004E1E97 /* AppDelegate.swift in Sources */ = {isa = PBXBuildFile; fileRef = B632613A27944460004E1E97 /* AppDelegate.swift */; };
		B632613D27944460004E1E97 /* SceneDelegate.swift in Sources */ = {isa = PBXBuildFile; fileRef = B632613C27944460004E1E97 /* SceneDelegate.swift */; };
		B632613F27944460004E1E97 /* HomeViewController.swift in Sources */ = {isa = PBXBuildFile; fileRef = B632613E27944460004E1E97 /* HomeViewController.swift */; };
		B632614227944460004E1E97 /* Main.storyboard in Resources */ = {isa = PBXBuildFile; fileRef = B632614027944460004E1E97 /* Main.storyboard */; };
		B632614427944464004E1E97 /* Assets.xcassets in Resources */ = {isa = PBXBuildFile; fileRef = B632614327944464004E1E97 /* Assets.xcassets */; };
		B632614727944464004E1E97 /* LaunchScreen.storyboard in Resources */ = {isa = PBXBuildFile; fileRef = B632614527944464004E1E97 /* LaunchScreen.storyboard */; };
		B63261542794470F004E1E97 /* ExploreViewController.swift in Sources */ = {isa = PBXBuildFile; fileRef = B63261532794470F004E1E97 /* ExploreViewController.swift */; };
		B632615627944787004E1E97 /* CameraViewController.swift in Sources */ = {isa = PBXBuildFile; fileRef = B632615527944787004E1E97 /* CameraViewController.swift */; };
		B632615827944822004E1E97 /* NotificationViewController.swift in Sources */ = {isa = PBXBuildFile; fileRef = B632615727944822004E1E97 /* NotificationViewController.swift */; };
		B632615A27944834004E1E97 /* ProfileViewController.swift in Sources */ = {isa = PBXBuildFile; fileRef = B632615927944834004E1E97 /* ProfileViewController.swift */; };
		B632615F27944914004E1E97 /* LoginViewController.swift in Sources */ = {isa = PBXBuildFile; fileRef = B632615E27944914004E1E97 /* LoginViewController.swift */; };
		B63261612794493C004E1E97 /* RegistrationViewController.swift in Sources */ = {isa = PBXBuildFile; fileRef = B63261602794493C004E1E97 /* RegistrationViewController.swift */; };
		B632616327944968004E1E97 /* PostViewController.swift in Sources */ = {isa = PBXBuildFile; fileRef = B632616227944968004E1E97 /* PostViewController.swift */; };
		B632616527944980004E1E97 /* EditViewController.swift in Sources */ = {isa = PBXBuildFile; fileRef = B632616427944980004E1E97 /* EditViewController.swift */; };
		B63261672794498E004E1E97 /* SettingViewController.swift in Sources */ = {isa = PBXBuildFile; fileRef = B63261662794498E004E1E97 /* SettingViewController.swift */; };
		B6326169279449A0004E1E97 /* ListViewController.swift in Sources */ = {isa = PBXBuildFile; fileRef = B6326168279449A0004E1E97 /* ListViewController.swift */; };
		B632616B279449B2004E1E97 /* SearchViewController.swift in Sources */ = {isa = PBXBuildFile; fileRef = B632616A279449B2004E1E97 /* SearchViewController.swift */; };
		B632616D279449C0004E1E97 /* SearchResultViewController.swift in Sources */ = {isa = PBXBuildFile; fileRef = B632616C279449BF004E1E97 /* SearchResultViewController.swift */; };
		B632616F279449EA004E1E97 /* PostEditorViewController.swift in Sources */ = {isa = PBXBuildFile; fileRef = B632616E279449EA004E1E97 /* PostEditorViewController.swift */; };
		B6326171279449FA004E1E97 /* PublishPostViewController.swift in Sources */ = {isa = PBXBuildFile; fileRef = B6326170279449FA004E1E97 /* PublishPostViewController.swift */; };
		B632617327945A90004E1E97 /* GoogleService-Info.plist in Resources */ = {isa = PBXBuildFile; fileRef = B632617227945A90004E1E97 /* GoogleService-Info.plist */; };
		B6326176279461D2004E1E97 /* DatabaseManager.swift in Sources */ = {isa = PBXBuildFile; fileRef = B6326175279461D2004E1E97 /* DatabaseManager.swift */; };
		B63261782794629E004E1E97 /* AuthManager.swift in Sources */ = {isa = PBXBuildFile; fileRef = B63261772794629E004E1E97 /* AuthManager.swift */; };
		B632617A279462DA004E1E97 /* StorageManager.swift in Sources */ = {isa = PBXBuildFile; fileRef = B6326179279462DA004E1E97 /* StorageManager.swift */; };
		B632617C2795476D004E1E97 /* Extensions.swift in Sources */ = {isa = PBXBuildFile; fileRef = B632617B2795476D004E1E97 /* Extensions.swift */; };
/* End PBXBuildFile section */

/* Begin PBXFileReference section */
		717CBCADCA3653BD6DD739B6 /* Pods-GeekBlog.release.xcconfig */ = {isa = PBXFileReference; includeInIndex = 1; lastKnownFileType = text.xcconfig; name = "Pods-GeekBlog.release.xcconfig"; path = "Target Support Files/Pods-GeekBlog/Pods-GeekBlog.release.xcconfig"; sourceTree = "<group>"; };
		B632613727944460004E1E97 /* GeekBlog.app */ = {isa = PBXFileReference; explicitFileType = wrapper.application; includeInIndex = 0; path = GeekBlog.app; sourceTree = BUILT_PRODUCTS_DIR; };
		B632613A27944460004E1E97 /* AppDelegate.swift */ = {isa = PBXFileReference; lastKnownFileType = sourcecode.swift; path = AppDelegate.swift; sourceTree = "<group>"; };
		B632613C27944460004E1E97 /* SceneDelegate.swift */ = {isa = PBXFileReference; lastKnownFileType = sourcecode.swift; path = SceneDelegate.swift; sourceTree = "<group>"; };
		B632613E27944460004E1E97 /* HomeViewController.swift */ = {isa = PBXFileReference; lastKnownFileType = sourcecode.swift; path = HomeViewController.swift; sourceTree = "<group>"; };
		B632614127944460004E1E97 /* Base */ = {isa = PBXFileReference; lastKnownFileType = file.storyboard; name = Base; path = Base.lproj/Main.storyboard; sourceTree = "<group>"; };
		B632614327944464004E1E97 /* Assets.xcassets */ = {isa = PBXFileReference; lastKnownFileType = folder.assetcatalog; path = Assets.xcassets; sourceTree = "<group>"; };
		B632614627944464004E1E97 /* Base */ = {isa = PBXFileReference; lastKnownFileType = file.storyboard; name = Base; path = Base.lproj/LaunchScreen.storyboard; sourceTree = "<group>"; };
		B632614827944464004E1E97 /* Info.plist */ = {isa = PBXFileReference; lastKnownFileType = text.plist.xml; path = Info.plist; sourceTree = "<group>"; };
		B63261532794470F004E1E97 /* ExploreViewController.swift */ = {isa = PBXFileReference; lastKnownFileType = sourcecode.swift; path = ExploreViewController.swift; sourceTree = "<group>"; };
		B632615527944787004E1E97 /* CameraViewController.swift */ = {isa = PBXFileReference; lastKnownFileType = sourcecode.swift; path = CameraViewController.swift; sourceTree = "<group>"; };
		B632615727944822004E1E97 /* NotificationViewController.swift */ = {isa = PBXFileReference; lastKnownFileType = sourcecode.swift; path = NotificationViewController.swift; sourceTree = "<group>"; };
		B632615927944834004E1E97 /* ProfileViewController.swift */ = {isa = PBXFileReference; lastKnownFileType = sourcecode.swift; path = ProfileViewController.swift; sourceTree = "<group>"; };
		B632615E27944914004E1E97 /* LoginViewController.swift */ = {isa = PBXFileReference; lastKnownFileType = sourcecode.swift; path = LoginViewController.swift; sourceTree = "<group>"; };
		B63261602794493C004E1E97 /* RegistrationViewController.swift */ = {isa = PBXFileReference; lastKnownFileType = sourcecode.swift; path = RegistrationViewController.swift; sourceTree = "<group>"; };
		B632616227944968004E1E97 /* PostViewController.swift */ = {isa = PBXFileReference; lastKnownFileType = sourcecode.swift; path = PostViewController.swift; sourceTree = "<group>"; };
		B632616427944980004E1E97 /* EditViewController.swift */ = {isa = PBXFileReference; lastKnownFileType = sourcecode.swift; path = EditViewController.swift; sourceTree = "<group>"; };
		B63261662794498E004E1E97 /* SettingViewController.swift */ = {isa = PBXFileReference; lastKnownFileType = sourcecode.swift; path = SettingViewController.swift; sourceTree = "<group>"; };
		B6326168279449A0004E1E97 /* ListViewController.swift */ = {isa = PBXFileReference; lastKnownFileType = sourcecode.swift; path = ListViewController.swift; sourceTree = "<group>"; };
		B632616A279449B2004E1E97 /* SearchViewController.swift */ = {isa = PBXFileReference; lastKnownFileType = sourcecode.swift; path = SearchViewController.swift; sourceTree = "<group>"; };
		B632616C279449BF004E1E97 /* SearchResultViewController.swift */ = {isa = PBXFileReference; lastKnownFileType = sourcecode.swift; path = SearchResultViewController.swift; sourceTree = "<group>"; };
		B632616E279449EA004E1E97 /* PostEditorViewController.swift */ = {isa = PBXFileReference; lastKnownFileType = sourcecode.swift; path = PostEditorViewController.swift; sourceTree = "<group>"; };
		B6326170279449FA004E1E97 /* PublishPostViewController.swift */ = {isa = PBXFileReference; lastKnownFileType = sourcecode.swift; path = PublishPostViewController.swift; sourceTree = "<group>"; };
		B632617227945A90004E1E97 /* GoogleService-Info.plist */ = {isa = PBXFileReference; fileEncoding = 4; lastKnownFileType = text.plist.xml; path = "GoogleService-Info.plist"; sourceTree = "<group>"; };
		B6326175279461D2004E1E97 /* DatabaseManager.swift */ = {isa = PBXFileReference; lastKnownFileType = sourcecode.swift; path = DatabaseManager.swift; sourceTree = "<group>"; };
		B63261772794629E004E1E97 /* AuthManager.swift */ = {isa = PBXFileReference; lastKnownFileType = sourcecode.swift; path = AuthManager.swift; sourceTree = "<group>"; };
		B6326179279462DA004E1E97 /* StorageManager.swift */ = {isa = PBXFileReference; lastKnownFileType = sourcecode.swift; path = StorageManager.swift; sourceTree = "<group>"; };
		B632617B2795476D004E1E97 /* Extensions.swift */ = {isa = PBXFileReference; lastKnownFileType = sourcecode.swift; path = Extensions.swift; sourceTree = "<group>"; };
		D98C9A219518CFB011FC92BE /* Pods-GeekBlog.debug.xcconfig */ = {isa = PBXFileReference; includeInIndex = 1; lastKnownFileType = text.xcconfig; name = "Pods-GeekBlog.debug.xcconfig"; path = "Target Support Files/Pods-GeekBlog/Pods-GeekBlog.debug.xcconfig"; sourceTree = "<group>"; };
		DED60E1D11A75AE3DE5EE654 /* Pods_GeekBlog.framework */ = {isa = PBXFileReference; explicitFileType = wrapper.framework; includeInIndex = 0; path = Pods_GeekBlog.framework; sourceTree = BUILT_PRODUCTS_DIR; };
/* End PBXFileReference section */

/* Begin PBXFrameworksBuildPhase section */
		B632613427944460004E1E97 /* Frameworks */ = {
			isa = PBXFrameworksBuildPhase;
			buildActionMask = 2147483647;
			files = (
				5B44524E1F2275950B7D9293 /* Pods_GeekBlog.framework in Frameworks */,
			);
			runOnlyForDeploymentPostprocessing = 0;
		};
/* End PBXFrameworksBuildPhase section */

/* Begin PBXGroup section */
		4EDEC7D124074EAAB3514A71 /* Pods */ = {
			isa = PBXGroup;
			children = (
				D98C9A219518CFB011FC92BE /* Pods-GeekBlog.debug.xcconfig */,
				717CBCADCA3653BD6DD739B6 /* Pods-GeekBlog.release.xcconfig */,
			);
			path = Pods;
			sourceTree = "<group>";
		};
		9F4DB159563508FF33AC5C6B /* Frameworks */ = {
			isa = PBXGroup;
			children = (
				DED60E1D11A75AE3DE5EE654 /* Pods_GeekBlog.framework */,
			);
			name = Frameworks;
			sourceTree = "<group>";
		};
		B632612E27944460004E1E97 = {
			isa = PBXGroup;
			children = (
				B632613927944460004E1E97 /* GeekBlog */,
				B632613827944460004E1E97 /* Products */,
				4EDEC7D124074EAAB3514A71 /* Pods */,
				9F4DB159563508FF33AC5C6B /* Frameworks */,
			);
			sourceTree = "<group>";
		};
		B632613827944460004E1E97 /* Products */ = {
			isa = PBXGroup;
			children = (
				B632613727944460004E1E97 /* GeekBlog.app */,
			);
			name = Products;
			sourceTree = "<group>";
		};
		B632613927944460004E1E97 /* GeekBlog */ = {
			isa = PBXGroup;
			children = (
				B632615127944663004E1E97 /* Resources */,
				B63261502794465C004E1E97 /* Models */,
				B632614F27944652004E1E97 /* Views */,
				B632614E2794449C004E1E97 /* Controllers */,
				B632614827944464004E1E97 /* Info.plist */,
			);
			path = GeekBlog;
			sourceTree = "<group>";
		};
		B632614E2794449C004E1E97 /* Controllers */ = {
			isa = PBXGroup;
			children = (
				B632615C279448C3004E1E97 /* Others */,
				B632615B27944855004E1E97 /* Core Tabs */,
			);
			path = Controllers;
			sourceTree = "<group>";
		};
		B632614F27944652004E1E97 /* Views */ = {
			isa = PBXGroup;
			children = (
				B63261522794469E004E1E97 /* Storyboards */,
				B632614327944464004E1E97 /* Assets.xcassets */,
			);
			path = Views;
			sourceTree = "<group>";
		};
		B63261502794465C004E1E97 /* Models */ = {
			isa = PBXGroup;
			children = (
			);
			path = Models;
			sourceTree = "<group>";
		};
		B632615127944663004E1E97 /* Resources */ = {
			isa = PBXGroup;
			children = (
				B632617227945A90004E1E97 /* GoogleService-Info.plist */,
				B632613A27944460004E1E97 /* AppDelegate.swift */,
				B632613C27944460004E1E97 /* SceneDelegate.swift */,
				B6326175279461D2004E1E97 /* DatabaseManager.swift */,
				B63261772794629E004E1E97 /* AuthManager.swift */,
				B6326179279462DA004E1E97 /* StorageManager.swift */,
				B632617B2795476D004E1E97 /* Extensions.swift */,
			);
			path = Resources;
			sourceTree = "<group>";
		};
		B63261522794469E004E1E97 /* Storyboards */ = {
			isa = PBXGroup;
			children = (
				B632614027944460004E1E97 /* Main.storyboard */,
				B632614527944464004E1E97 /* LaunchScreen.storyboard */,
			);
			path = Storyboards;
			sourceTree = "<group>";
		};
		B632615B27944855004E1E97 /* Core Tabs */ = {
			isa = PBXGroup;
			children = (
				B632613E27944460004E1E97 /* HomeViewController.swift */,
				B63261532794470F004E1E97 /* ExploreViewController.swift */,
				B632615527944787004E1E97 /* CameraViewController.swift */,
				B632615727944822004E1E97 /* NotificationViewController.swift */,
				B632615927944834004E1E97 /* ProfileViewController.swift */,
			);
			path = "Core Tabs";
			sourceTree = "<group>";
		};
		B632615C279448C3004E1E97 /* Others */ = {
			isa = PBXGroup;
			children = (
				B632615D279448D9004E1E97 /* OnBoarding */,
				B632617427946122004E1E97 /* General */,
			);
			path = Others;
			sourceTree = "<group>";
		};
		B632615D279448D9004E1E97 /* OnBoarding */ = {
			isa = PBXGroup;
			children = (
				B632615E27944914004E1E97 /* LoginViewController.swift */,
				B63261602794493C004E1E97 /* RegistrationViewController.swift */,
			);
			path = OnBoarding;
			sourceTree = "<group>";
		};
		B632617427946122004E1E97 /* General */ = {
			isa = PBXGroup;
			children = (
				B632616227944968004E1E97 /* PostViewController.swift */,
				B632616427944980004E1E97 /* EditViewController.swift */,
				B63261662794498E004E1E97 /* SettingViewController.swift */,
				B6326168279449A0004E1E97 /* ListViewController.swift */,
				B632616A279449B2004E1E97 /* SearchViewController.swift */,
				B632616C279449BF004E1E97 /* SearchResultViewController.swift */,
				B632616E279449EA004E1E97 /* PostEditorViewController.swift */,
				B6326170279449FA004E1E97 /* PublishPostViewController.swift */,
			);
			path = General;
			sourceTree = "<group>";
		};
/* End PBXGroup section */

/* Begin PBXNativeTarget section */
		B632613627944460004E1E97 /* GeekBlog */ = {
			isa = PBXNativeTarget;
			buildConfigurationList = B632614B27944464004E1E97 /* Build configuration list for PBXNativeTarget "GeekBlog" */;
			buildPhases = (
				4FFF613EFAD9D53D4FBDC4F7 /* [CP] Check Pods Manifest.lock */,
				B632613327944460004E1E97 /* Sources */,
				B632613427944460004E1E97 /* Frameworks */,
				B632613527944460004E1E97 /* Resources */,
				23360F0C361FE7012AB7B973 /* [CP] Embed Pods Frameworks */,
			);
			buildRules = (
			);
			dependencies = (
			);
			name = GeekBlog;
			productName = GeekBlog;
			productReference = B632613727944460004E1E97 /* GeekBlog.app */;
			productType = "com.apple.product-type.application";
		};
/* End PBXNativeTarget section */

/* Begin PBXProject section */
		B632612F27944460004E1E97 /* Project object */ = {
			isa = PBXProject;
			attributes = {
				BuildIndependentTargetsInParallel = 1;
				LastSwiftUpdateCheck = 1320;
				LastUpgradeCheck = 1320;
				TargetAttributes = {
					B632613627944460004E1E97 = {
						CreatedOnToolsVersion = 13.2.1;
					};
				};
			};
			buildConfigurationList = B632613227944460004E1E97 /* Build configuration list for PBXProject "GeekBlog" */;
			compatibilityVersion = "Xcode 12.0";
			developmentRegion = en;
			hasScannedForEncodings = 0;
			knownRegions = (
				en,
				Base,
			);
			mainGroup = B632612E27944460004E1E97;
			productRefGroup = B632613827944460004E1E97 /* Products */;
			projectDirPath = "";
			projectRoot = "";
			targets = (
				B632613627944460004E1E97 /* GeekBlog */,
			);
		};
/* End PBXProject section */

/* Begin PBXResourcesBuildPhase section */
		B632613527944460004E1E97 /* Resources */ = {
			isa = PBXResourcesBuildPhase;
			buildActionMask = 2147483647;
			files = (
				B632614727944464004E1E97 /* LaunchScreen.storyboard in Resources */,
				B632617327945A90004E1E97 /* GoogleService-Info.plist in Resources */,
				B632614427944464004E1E97 /* Assets.xcassets in Resources */,
				B632614227944460004E1E97 /* Main.storyboard in Resources */,
			);
			runOnlyForDeploymentPostprocessing = 0;
		};
/* End PBXResourcesBuildPhase section */

/* Begin PBXShellScriptBuildPhase section */
		23360F0C361FE7012AB7B973 /* [CP] Embed Pods Frameworks */ = {
			isa = PBXShellScriptBuildPhase;
			buildActionMask = 2147483647;
			files = (
			);
			inputFileListPaths = (
				"${PODS_ROOT}/Target Support Files/Pods-GeekBlog/Pods-GeekBlog-frameworks-${CONFIGURATION}-input-files.xcfilelist",
			);
			name = "[CP] Embed Pods Frameworks";
			outputFileListPaths = (
				"${PODS_ROOT}/Target Support Files/Pods-GeekBlog/Pods-GeekBlog-frameworks-${CONFIGURATION}-output-files.xcfilelist",
			);
			runOnlyForDeploymentPostprocessing = 0;
			shellPath = /bin/sh;
			shellScript = "\"${PODS_ROOT}/Target Support Files/Pods-GeekBlog/Pods-GeekBlog-frameworks.sh\"\n";
			showEnvVarsInLog = 0;
		};
		4FFF613EFAD9D53D4FBDC4F7 /* [CP] Check Pods Manifest.lock */ = {
			isa = PBXShellScriptBuildPhase;
			buildActionMask = 2147483647;
			files = (
			);
			inputFileListPaths = (
			);
			inputPaths = (
				"${PODS_PODFILE_DIR_PATH}/Podfile.lock",
				"${PODS_ROOT}/Manifest.lock",
			);
			name = "[CP] Check Pods Manifest.lock";
			outputFileListPaths = (
			);
			outputPaths = (
				"$(DERIVED_FILE_DIR)/Pods-GeekBlog-checkManifestLockResult.txt",
			);
			runOnlyForDeploymentPostprocessing = 0;
			shellPath = /bin/sh;
			shellScript = "diff \"${PODS_PODFILE_DIR_PATH}/Podfile.lock\" \"${PODS_ROOT}/Manifest.lock\" > /dev/null\nif [ $? != 0 ] ; then\n    # print error to STDERR\n    echo \"error: The sandbox is not in sync with the Podfile.lock. Run 'pod install' or update your CocoaPods installation.\" >&2\n    exit 1\nfi\n# This output is used by Xcode 'outputs' to avoid re-running this script phase.\necho \"SUCCESS\" > \"${SCRIPT_OUTPUT_FILE_0}\"\n";
			showEnvVarsInLog = 0;
		};
/* End PBXShellScriptBuildPhase section */

/* Begin PBXSourcesBuildPhase section */
		B632613327944460004E1E97 /* Sources */ = {
			isa = PBXSourcesBuildPhase;
			buildActionMask = 2147483647;
			files = (
				B63261542794470F004E1E97 /* ExploreViewController.swift in Sources */,
				B632615627944787004E1E97 /* CameraViewController.swift in Sources */,
				B6326171279449FA004E1E97 /* PublishPostViewController.swift in Sources */,
				B632615827944822004E1E97 /* NotificationViewController.swift in Sources */,
				B63261612794493C004E1E97 /* RegistrationViewController.swift in Sources */,
				B632616327944968004E1E97 /* PostViewController.swift in Sources */,
				B632616F279449EA004E1E97 /* PostEditorViewController.swift in Sources */,
				B632617A279462DA004E1E97 /* StorageManager.swift in Sources */,
				B632613F27944460004E1E97 /* HomeViewController.swift in Sources */,
				B6326176279461D2004E1E97 /* DatabaseManager.swift in Sources */,
				B632615F27944914004E1E97 /* LoginViewController.swift in Sources */,
				B632616D279449C0004E1E97 /* SearchResultViewController.swift in Sources */,
				B632615A27944834004E1E97 /* ProfileViewController.swift in Sources */,
				B632617C2795476D004E1E97 /* Extensions.swift in Sources */,
				B632616B279449B2004E1E97 /* SearchViewController.swift in Sources */,
				B632613B27944460004E1E97 /* AppDelegate.swift in Sources */,
				B63261782794629E004E1E97 /* AuthManager.swift in Sources */,
				B632616527944980004E1E97 /* EditViewController.swift in Sources */,
				B632613D27944460004E1E97 /* SceneDelegate.swift in Sources */,
				B6326169279449A0004E1E97 /* ListViewController.swift in Sources */,
				B63261672794498E004E1E97 /* SettingViewController.swift in Sources */,
			);
			runOnlyForDeploymentPostprocessing = 0;
		};
/* End PBXSourcesBuildPhase section */

/* Begin PBXVariantGroup section */
		B632614027944460004E1E97 /* Main.storyboard */ = {
			isa = PBXVariantGroup;
			children = (
				B632614127944460004E1E97 /* Base */,
			);
			name = Main.storyboard;
			sourceTree = "<group>";
		};
		B632614527944464004E1E97 /* LaunchScreen.storyboard */ = {
			isa = PBXVariantGroup;
			children = (
				B632614627944464004E1E97 /* Base */,
			);
			name = LaunchScreen.storyboard;
			sourceTree = "<group>";
		};
/* End PBXVariantGroup section */

/* Begin XCBuildConfiguration section */
		B632614927944464004E1E97 /* Debug */ = {
			isa = XCBuildConfiguration;
			buildSettings = {
				ALWAYS_SEARCH_USER_PATHS = NO;
				CLANG_ANALYZER_NONNULL = YES;
				CLANG_ANALYZER_NUMBER_OBJECT_CONVERSION = YES_AGGRESSIVE;
				CLANG_CXX_LANGUAGE_STANDARD = "gnu++17";
				CLANG_CXX_LIBRARY = "libc++";
				CLANG_ENABLE_MODULES = YES;
				CLANG_ENABLE_OBJC_ARC = YES;
				CLANG_ENABLE_OBJC_WEAK = YES;
				CLANG_WARN_BLOCK_CAPTURE_AUTORELEASING = YES;
				CLANG_WARN_BOOL_CONVERSION = YES;
				CLANG_WARN_COMMA = YES;
				CLANG_WARN_CONSTANT_CONVERSION = YES;
				CLANG_WARN_DEPRECATED_OBJC_IMPLEMENTATIONS = YES;
				CLANG_WARN_DIRECT_OBJC_ISA_USAGE = YES_ERROR;
				CLANG_WARN_DOCUMENTATION_COMMENTS = YES;
				CLANG_WARN_EMPTY_BODY = YES;
				CLANG_WARN_ENUM_CONVERSION = YES;
				CLANG_WARN_INFINITE_RECURSION = YES;
				CLANG_WARN_INT_CONVERSION = YES;
				CLANG_WARN_NON_LITERAL_NULL_CONVERSION = YES;
				CLANG_WARN_OBJC_IMPLICIT_RETAIN_SELF = YES;
				CLANG_WARN_OBJC_LITERAL_CONVERSION = YES;
				CLANG_WARN_OBJC_ROOT_CLASS = YES_ERROR;
				CLANG_WARN_QUOTED_INCLUDE_IN_FRAMEWORK_HEADER = YES;
				CLANG_WARN_RANGE_LOOP_ANALYSIS = YES;
				CLANG_WARN_STRICT_PROTOTYPES = YES;
				CLANG_WARN_SUSPICIOUS_MOVE = YES;
				CLANG_WARN_UNGUARDED_AVAILABILITY = YES_AGGRESSIVE;
				CLANG_WARN_UNREACHABLE_CODE = YES;
				CLANG_WARN__DUPLICATE_METHOD_MATCH = YES;
				COPY_PHASE_STRIP = NO;
				DEBUG_INFORMATION_FORMAT = dwarf;
				ENABLE_STRICT_OBJC_MSGSEND = YES;
				ENABLE_TESTABILITY = YES;
				GCC_C_LANGUAGE_STANDARD = gnu11;
				GCC_DYNAMIC_NO_PIC = NO;
				GCC_NO_COMMON_BLOCKS = YES;
				GCC_OPTIMIZATION_LEVEL = 0;
				GCC_PREPROCESSOR_DEFINITIONS = (
					"DEBUG=1",
					"$(inherited)",
				);
				GCC_WARN_64_TO_32_BIT_CONVERSION = YES;
				GCC_WARN_ABOUT_RETURN_TYPE = YES_ERROR;
				GCC_WARN_UNDECLARED_SELECTOR = YES;
				GCC_WARN_UNINITIALIZED_AUTOS = YES_AGGRESSIVE;
				GCC_WARN_UNUSED_FUNCTION = YES;
				GCC_WARN_UNUSED_VARIABLE = YES;
				IPHONEOS_DEPLOYMENT_TARGET = 15.2;
				MTL_ENABLE_DEBUG_INFO = INCLUDE_SOURCE;
				MTL_FAST_MATH = YES;
				ONLY_ACTIVE_ARCH = YES;
				SDKROOT = iphoneos;
				SWIFT_ACTIVE_COMPILATION_CONDITIONS = DEBUG;
				SWIFT_OPTIMIZATION_LEVEL = "-Onone";
			};
			name = Debug;
		};
		B632614A27944464004E1E97 /* Release */ = {
			isa = XCBuildConfiguration;
			buildSettings = {
				ALWAYS_SEARCH_USER_PATHS = NO;
				CLANG_ANALYZER_NONNULL = YES;
				CLANG_ANALYZER_NUMBER_OBJECT_CONVERSION = YES_AGGRESSIVE;
				CLANG_CXX_LANGUAGE_STANDARD = "gnu++17";
				CLANG_CXX_LIBRARY = "libc++";
				CLANG_ENABLE_MODULES = YES;
				CLANG_ENABLE_OBJC_ARC = YES;
				CLANG_ENABLE_OBJC_WEAK = YES;
				CLANG_WARN_BLOCK_CAPTURE_AUTORELEASING = YES;
				CLANG_WARN_BOOL_CONVERSION = YES;
				CLANG_WARN_COMMA = YES;
				CLANG_WARN_CONSTANT_CONVERSION = YES;
				CLANG_WARN_DEPRECATED_OBJC_IMPLEMENTATIONS = YES;
				CLANG_WARN_DIRECT_OBJC_ISA_USAGE = YES_ERROR;
				CLANG_WARN_DOCUMENTATION_COMMENTS = YES;
				CLANG_WARN_EMPTY_BODY = YES;
				CLANG_WARN_ENUM_CONVERSION = YES;
				CLANG_WARN_INFINITE_RECURSION = YES;
				CLANG_WARN_INT_CONVERSION = YES;
				CLANG_WARN_NON_LITERAL_NULL_CONVERSION = YES;
				CLANG_WARN_OBJC_IMPLICIT_RETAIN_SELF = YES;
				CLANG_WARN_OBJC_LITERAL_CONVERSION = YES;
				CLANG_WARN_OBJC_ROOT_CLASS = YES_ERROR;
				CLANG_WARN_QUOTED_INCLUDE_IN_FRAMEWORK_HEADER = YES;
				CLANG_WARN_RANGE_LOOP_ANALYSIS = YES;
				CLANG_WARN_STRICT_PROTOTYPES = YES;
				CLANG_WARN_SUSPICIOUS_MOVE = YES;
				CLANG_WARN_UNGUARDED_AVAILABILITY = YES_AGGRESSIVE;
				CLANG_WARN_UNREACHABLE_CODE = YES;
				CLANG_WARN__DUPLICATE_METHOD_MATCH = YES;
				COPY_PHASE_STRIP = NO;
				DEBUG_INFORMATION_FORMAT = "dwarf-with-dsym";
				ENABLE_NS_ASSERTIONS = NO;
				ENABLE_STRICT_OBJC_MSGSEND = YES;
				GCC_C_LANGUAGE_STANDARD = gnu11;
				GCC_NO_COMMON_BLOCKS = YES;
				GCC_WARN_64_TO_32_BIT_CONVERSION = YES;
				GCC_WARN_ABOUT_RETURN_TYPE = YES_ERROR;
				GCC_WARN_UNDECLARED_SELECTOR = YES;
				GCC_WARN_UNINITIALIZED_AUTOS = YES_AGGRESSIVE;
				GCC_WARN_UNUSED_FUNCTION = YES;
				GCC_WARN_UNUSED_VARIABLE = YES;
				IPHONEOS_DEPLOYMENT_TARGET = 15.2;
				MTL_ENABLE_DEBUG_INFO = NO;
				MTL_FAST_MATH = YES;
				SDKROOT = iphoneos;
				SWIFT_COMPILATION_MODE = wholemodule;
				SWIFT_OPTIMIZATION_LEVEL = "-O";
				VALIDATE_PRODUCT = YES;
			};
			name = Release;
		};
		B632614C27944464004E1E97 /* Debug */ = {
			isa = XCBuildConfiguration;
			baseConfigurationReference = D98C9A219518CFB011FC92BE /* Pods-GeekBlog.debug.xcconfig */;
			buildSettings = {
				ASSETCATALOG_COMPILER_APPICON_NAME = AppIcon;
				ASSETCATALOG_COMPILER_GLOBAL_ACCENT_COLOR_NAME = AccentColor;
				CODE_SIGN_STYLE = Automatic;
				CURRENT_PROJECT_VERSION = 1;
				DEVELOPMENT_TEAM = 2L2K3UD2LK;
				GENERATE_INFOPLIST_FILE = YES;
				INFOPLIST_FILE = GeekBlog/Info.plist;
				INFOPLIST_KEY_UIApplicationSupportsIndirectInputEvents = YES;
				INFOPLIST_KEY_UILaunchStoryboardName = LaunchScreen;
				INFOPLIST_KEY_UIMainStoryboardFile = Main;
				INFOPLIST_KEY_UISupportedInterfaceOrientations_iPad = "UIInterfaceOrientationPortrait UIInterfaceOrientationPortraitUpsideDown UIInterfaceOrientationLandscapeLeft UIInterfaceOrientationLandscapeRight";
				INFOPLIST_KEY_UISupportedInterfaceOrientations_iPhone = "UIInterfaceOrientationPortrait UIInterfaceOrientationLandscapeLeft UIInterfaceOrientationLandscapeRight";
				LD_RUNPATH_SEARCH_PATHS = (
					"$(inherited)",
					"@executable_path/Frameworks",
				);
				MARKETING_VERSION = 1.0;
				PRODUCT_BUNDLE_IDENTIFIER = com.sangheon.GeekBlog;
				PRODUCT_NAME = "$(TARGET_NAME)";
				SWIFT_EMIT_LOC_STRINGS = YES;
				SWIFT_VERSION = 5.0;
				TARGETED_DEVICE_FAMILY = "1,2";
			};
			name = Debug;
		};
		B632614D27944464004E1E97 /* Release */ = {
			isa = XCBuildConfiguration;
			baseConfigurationReference = 717CBCADCA3653BD6DD739B6 /* Pods-GeekBlog.release.xcconfig */;
			buildSettings = {
				ASSETCATALOG_COMPILER_APPICON_NAME = AppIcon;
				ASSETCATALOG_COMPILER_GLOBAL_ACCENT_COLOR_NAME = AccentColor;
				CODE_SIGN_STYLE = Automatic;
				CURRENT_PROJECT_VERSION = 1;
				DEVELOPMENT_TEAM = 2L2K3UD2LK;
				GENERATE_INFOPLIST_FILE = YES;
				INFOPLIST_FILE = GeekBlog/Info.plist;
				INFOPLIST_KEY_UIApplicationSupportsIndirectInputEvents = YES;
				INFOPLIST_KEY_UILaunchStoryboardName = LaunchScreen;
				INFOPLIST_KEY_UIMainStoryboardFile = Main;
				INFOPLIST_KEY_UISupportedInterfaceOrientations_iPad = "UIInterfaceOrientationPortrait UIInterfaceOrientationPortraitUpsideDown UIInterfaceOrientationLandscapeLeft UIInterfaceOrientationLandscapeRight";
				INFOPLIST_KEY_UISupportedInterfaceOrientations_iPhone = "UIInterfaceOrientationPortrait UIInterfaceOrientationLandscapeLeft UIInterfaceOrientationLandscapeRight";
				LD_RUNPATH_SEARCH_PATHS = (
					"$(inherited)",
					"@executable_path/Frameworks",
				);
				MARKETING_VERSION = 1.0;
				PRODUCT_BUNDLE_IDENTIFIER = com.sangheon.GeekBlog;
				PRODUCT_NAME = "$(TARGET_NAME)";
				SWIFT_EMIT_LOC_STRINGS = YES;
				SWIFT_VERSION = 5.0;
				TARGETED_DEVICE_FAMILY = "1,2";
			};
			name = Release;
		};
/* End XCBuildConfiguration section */

/* Begin XCConfigurationList section */
		B632613227944460004E1E97 /* Build configuration list for PBXProject "GeekBlog" */ = {
			isa = XCConfigurationList;
			buildConfigurations = (
				B632614927944464004E1E97 /* Debug */,
				B632614A27944464004E1E97 /* Release */,
			);
			defaultConfigurationIsVisible = 0;
			defaultConfigurationName = Release;
		};
		B632614B27944464004E1E97 /* Build configuration list for PBXNativeTarget "GeekBlog" */ = {
			isa = XCConfigurationList;
			buildConfigurations = (
				B632614C27944464004E1E97 /* Debug */,
				B632614D27944464004E1E97 /* Release */,
			);
			defaultConfigurationIsVisible = 0;
			defaultConfigurationName = Release;
		};
/* End XCConfigurationList section */
	};
	rootObject = B632612F27944460004E1E97 /* Project object */;
}
